{
  "object": {
    "pins": [
      {
        "package": "Charts",
        "repositoryURL": "https://github.com/danielgindi/Charts.git",
        "state": {
          "branch": null,
          "revision": "66546404a6739173b8e436ab6bc1f2897cd08594",
          "version": "3.6.0"
        }
      },
      {
        "package": "Kingfisher",
        "repositoryURL": "https://github.com/onevcat/Kingfisher.git",
        "state": {
          "branch": null,
          "revision": "81dd1ce8401137637663046c7314e7c885bcc56d",
          "version": "6.1.1"
        }
      },
      {
        "package": "Pageboy",
        "repositoryURL": "https://github.com/uias/Pageboy",
        "state": {
          "branch": null,
          "revision": "34ecb6e7c4e0e07494960ab2f7cc9a02293915a6",
          "version": "3.6.2"
        }
      },
      {
        "package": "SwiftyJSON",
        "repositoryURL": "https://github.com/SwiftyJSON/SwiftyJSON",
        "state": {
          "branch": null,
          "revision": "2b6054efa051565954e1d2b9da831680026cd768",
          "version": "5.0.0"
        }
      },
      {
        "package": "Tabman",
        "repositoryURL": "https://github.com/uias/Tabman",
        "state": {
          "branch": null,
          "revision": "2f01f14128c0762476d0a0c9b1bcf2bd52ed4e98",
          "version": "2.10.0"
        }
      }
    ]
  },
  "version": 1
}
