// !$*UTF8*$!
{
	archiveVersion = 1;
	classes = {
	};
	objectVersion = 50;
	objects = {

/* Begin PBXBuildFile section */
		153646E53BC377D98FF760B4 /* Pods_Lift_Tracker.framework in Frameworks */ = {isa = PBXBuildFile; fileRef = 70BCEF4F3DF10F88CBB6B5B5 /* Pods_Lift_Tracker.framework */; };
		E020984A2184EB3D001FA3C3 /* RoutineExercisesViewController.swift in Sources */ = {isa = PBXBuildFile; fileRef = E02098492184EB3D001FA3C3 /* RoutineExercisesViewController.swift */; };
		E02506CD21B3248100E38D2C /* SingleItemCoordinator.swift in Sources */ = {isa = PBXBuildFile; fileRef = E02506CC21B3248100E38D2C /* SingleItemCoordinator.swift */; };
		E028E3E32183D58B00E78EA4 /* RoutinesViewController.swift in Sources */ = {isa = PBXBuildFile; fileRef = E028E3E22183D58B00E78EA4 /* RoutinesViewController.swift */; };
		E02AF07C21CB0AD4000649FB /* RoutineExerciseCoordinator.swift in Sources */ = {isa = PBXBuildFile; fileRef = E02AF07B21CB0AD4000649FB /* RoutineExerciseCoordinator.swift */; };
		E02AF07E21CB2EA2000649FB /* RoutineExercisesRequest.swift in Sources */ = {isa = PBXBuildFile; fileRef = E02AF07D21CB2EA2000649FB /* RoutineExercisesRequest.swift */; };
		E02D634C21B742F5004C9C64 /* SingleItemsListViewModel.swift in Sources */ = {isa = PBXBuildFile; fileRef = E02D634B21B742F5004C9C64 /* SingleItemsListViewModel.swift */; };
		E0333597219373B500982F00 /* MaxesGraphViewController.swift in Sources */ = {isa = PBXBuildFile; fileRef = E0333596219373B500982F00 /* MaxesGraphViewController.swift */; };
		E038531F2121E4F5009CE727 /* SessionWrapper.swift in Sources */ = {isa = PBXBuildFile; fileRef = E038531E2121E4F5009CE727 /* SessionWrapper.swift */; };
		E03853262122106A009CE727 /* SingleItemTableViewCell.swift in Sources */ = {isa = PBXBuildFile; fileRef = E03853252122106A009CE727 /* SingleItemTableViewCell.swift */; };
		E03F33932162EDD2005043FF /* ExerciseTabViewController.swift in Sources */ = {isa = PBXBuildFile; fileRef = E03F33922162EDD2005043FF /* ExerciseTabViewController.swift */; };
		E03F33952162EE6D005043FF /* Exercise.storyboard in Resources */ = {isa = PBXBuildFile; fileRef = E03F33942162EE6D005043FF /* Exercise.storyboard */; };
		E04D7C4C2106B2FA00E79A5A /* AppDelegate.swift in Sources */ = {isa = PBXBuildFile; fileRef = E04D7C4B2106B2FA00E79A5A /* AppDelegate.swift */; };
		E04D7C552106B2FC00E79A5A /* Assets.xcassets in Resources */ = {isa = PBXBuildFile; fileRef = E04D7C542106B2FC00E79A5A /* Assets.xcassets */; };
		E04D7C582106B2FC00E79A5A /* LaunchScreen.storyboard in Resources */ = {isa = PBXBuildFile; fileRef = E04D7C562106B2FC00E79A5A /* LaunchScreen.storyboard */; };
		E04D7C632106B2FC00E79A5A /* Lift_TrackerTests.swift in Sources */ = {isa = PBXBuildFile; fileRef = E04D7C622106B2FC00E79A5A /* Lift_TrackerTests.swift */; };
		E04D7C6E2106B2FC00E79A5A /* Lift_TrackerUITests.swift in Sources */ = {isa = PBXBuildFile; fileRef = E04D7C6D2106B2FC00E79A5A /* Lift_TrackerUITests.swift */; };
		E04D7C7C2106B58700E79A5A /* Login.storyboard in Resources */ = {isa = PBXBuildFile; fileRef = E04D7C7B2106B58700E79A5A /* Login.storyboard */; };
		E04D7C802106CF7400E79A5A /* LoginViewController.swift in Sources */ = {isa = PBXBuildFile; fileRef = E04D7C7F2106CF7400E79A5A /* LoginViewController.swift */; };
		E05AD6A521A6097C008B6957 /* AddSetViewController.swift in Sources */ = {isa = PBXBuildFile; fileRef = E05AD6A421A6097C008B6957 /* AddSetViewController.swift */; };
		E05AD6AB21A711C6008B6957 /* ExerciseSetsRequest.swift in Sources */ = {isa = PBXBuildFile; fileRef = E05AD6AA21A711C6008B6957 /* ExerciseSetsRequest.swift */; };
		E061F55D219DFDA500FBAF2D /* PastSetsViewController.swift in Sources */ = {isa = PBXBuildFile; fileRef = E061F55C219DFDA500FBAF2D /* PastSetsViewController.swift */; };
		E06D82E02159A38D002F3ED0 /* HomePageViewController.swift in Sources */ = {isa = PBXBuildFile; fileRef = E06D82DF2159A38D002F3ED0 /* HomePageViewController.swift */; };
		E06F9FD82149CEB600841A35 /* GoogleService-Info.plist in Resources */ = {isa = PBXBuildFile; fileRef = E06F9FD72149CEB600841A35 /* GoogleService-Info.plist */; };
		E0733068214432C000D26E15 /* MuscleGroupsViewController.swift in Sources */ = {isa = PBXBuildFile; fileRef = E0733067214432C000D26E15 /* MuscleGroupsViewController.swift */; };
		E073306A2144347400D26E15 /* SingleItemListViewController.swift in Sources */ = {isa = PBXBuildFile; fileRef = E07330692144347400D26E15 /* SingleItemListViewController.swift */; };
		E0783BE7218945920080C80D /* RoutineExercise.storyboard in Resources */ = {isa = PBXBuildFile; fileRef = E0783BE6218945920080C80D /* RoutineExercise.storyboard */; };
		E07C933A220F2837009EAE4C /* CustomLoginViewController.swift in Sources */ = {isa = PBXBuildFile; fileRef = E07C9339220F2837009EAE4C /* CustomLoginViewController.swift */; };
		E09D5CCC21A9FF4C0010CD7F /* SnapshotHelper.swift in Sources */ = {isa = PBXBuildFile; fileRef = E09D5CCB21A9FF4C0010CD7F /* SnapshotHelper.swift */; };
		E09E78EF2114FBF100031F19 /* Home.storyboard in Resources */ = {isa = PBXBuildFile; fileRef = E09E78EE2114FBF100031F19 /* Home.storyboard */; };
		E09E78F12114FCB000031F19 /* ExcercisesViewController.swift in Sources */ = {isa = PBXBuildFile; fileRef = E09E78F02114FCB000031F19 /* ExcercisesViewController.swift */; };
		E09E78F52114FD9B00031F19 /* Exercise.swift in Sources */ = {isa = PBXBuildFile; fileRef = E09E78F42114FD9B00031F19 /* Exercise.swift */; };
		E09E78F72115133500031F19 /* Request.swift in Sources */ = {isa = PBXBuildFile; fileRef = E09E78F62115133500031F19 /* Request.swift */; };
		E09E78F92115138F00031F19 /* BaseItemsProvider.swift in Sources */ = {isa = PBXBuildFile; fileRef = E09E78F82115138F00031F19 /* BaseItemsProvider.swift */; };
		F99B456E893825A95313517B /* Pods_Lift_TrackerTests.framework in Frameworks */ = {isa = PBXBuildFile; fileRef = 6F2C44DE56284BBCFD25A87B /* Pods_Lift_TrackerTests.framework */; };
/* End PBXBuildFile section */

/* Begin PBXContainerItemProxy section */
		E04D7C5F2106B2FC00E79A5A /* PBXContainerItemProxy */ = {
			isa = PBXContainerItemProxy;
			containerPortal = E04D7C402106B2FA00E79A5A /* Project object */;
			proxyType = 1;
			remoteGlobalIDString = E04D7C472106B2FA00E79A5A;
			remoteInfo = "Lift Tracker";
		};
		E04D7C6A2106B2FC00E79A5A /* PBXContainerItemProxy */ = {
			isa = PBXContainerItemProxy;
			containerPortal = E04D7C402106B2FA00E79A5A /* Project object */;
			proxyType = 1;
			remoteGlobalIDString = E04D7C472106B2FA00E79A5A;
			remoteInfo = "Lift Tracker";
		};
/* End PBXContainerItemProxy section */

/* Begin PBXFileReference section */
		1C20E8992D6C73437E735236 /* Pods-Lift TrackerTests.release.xcconfig */ = {isa = PBXFileReference; includeInIndex = 1; lastKnownFileType = text.xcconfig; name = "Pods-Lift TrackerTests.release.xcconfig"; path = "Pods/Target Support Files/Pods-Lift TrackerTests/Pods-Lift TrackerTests.release.xcconfig"; sourceTree = "<group>"; };
		22DE4BA0CD6FA833BF915875 /* Pods-Lift Tracker.release.xcconfig */ = {isa = PBXFileReference; includeInIndex = 1; lastKnownFileType = text.xcconfig; name = "Pods-Lift Tracker.release.xcconfig"; path = "Pods/Target Support Files/Pods-Lift Tracker/Pods-Lift Tracker.release.xcconfig"; sourceTree = "<group>"; };
		2FCDFF11ED44A85EA0847E4A /* Pods-Lift Tracker.debug.xcconfig */ = {isa = PBXFileReference; includeInIndex = 1; lastKnownFileType = text.xcconfig; name = "Pods-Lift Tracker.debug.xcconfig"; path = "Pods/Target Support Files/Pods-Lift Tracker/Pods-Lift Tracker.debug.xcconfig"; sourceTree = "<group>"; };
		6F2C44DE56284BBCFD25A87B /* Pods_Lift_TrackerTests.framework */ = {isa = PBXFileReference; explicitFileType = wrapper.framework; includeInIndex = 0; path = Pods_Lift_TrackerTests.framework; sourceTree = BUILT_PRODUCTS_DIR; };
		70BCEF4F3DF10F88CBB6B5B5 /* Pods_Lift_Tracker.framework */ = {isa = PBXFileReference; explicitFileType = wrapper.framework; includeInIndex = 0; path = Pods_Lift_Tracker.framework; sourceTree = BUILT_PRODUCTS_DIR; };
		E02098492184EB3D001FA3C3 /* RoutineExercisesViewController.swift */ = {isa = PBXFileReference; lastKnownFileType = sourcecode.swift; path = RoutineExercisesViewController.swift; sourceTree = "<group>"; };
		E02506CC21B3248100E38D2C /* SingleItemCoordinator.swift */ = {isa = PBXFileReference; lastKnownFileType = sourcecode.swift; path = SingleItemCoordinator.swift; sourceTree = "<group>"; };
		E028E3E22183D58B00E78EA4 /* RoutinesViewController.swift */ = {isa = PBXFileReference; lastKnownFileType = sourcecode.swift; path = RoutinesViewController.swift; sourceTree = "<group>"; };
		E02AF07B21CB0AD4000649FB /* RoutineExerciseCoordinator.swift */ = {isa = PBXFileReference; lastKnownFileType = sourcecode.swift; path = RoutineExerciseCoordinator.swift; sourceTree = "<group>"; };
		E02AF07D21CB2EA2000649FB /* RoutineExercisesRequest.swift */ = {isa = PBXFileReference; lastKnownFileType = sourcecode.swift; path = RoutineExercisesRequest.swift; sourceTree = "<group>"; };
		E02D634B21B742F5004C9C64 /* SingleItemsListViewModel.swift */ = {isa = PBXFileReference; lastKnownFileType = sourcecode.swift; path = SingleItemsListViewModel.swift; sourceTree = "<group>"; };
		E0333596219373B500982F00 /* MaxesGraphViewController.swift */ = {isa = PBXFileReference; lastKnownFileType = sourcecode.swift; path = MaxesGraphViewController.swift; sourceTree = "<group>"; };
		E038531E2121E4F5009CE727 /* SessionWrapper.swift */ = {isa = PBXFileReference; lastKnownFileType = sourcecode.swift; path = SessionWrapper.swift; sourceTree = "<group>"; };
		E03853252122106A009CE727 /* SingleItemTableViewCell.swift */ = {isa = PBXFileReference; lastKnownFileType = sourcecode.swift; path = SingleItemTableViewCell.swift; sourceTree = "<group>"; };
		E03F33922162EDD2005043FF /* ExerciseTabViewController.swift */ = {isa = PBXFileReference; lastKnownFileType = sourcecode.swift; path = ExerciseTabViewController.swift; sourceTree = "<group>"; };
		E03F33942162EE6D005043FF /* Exercise.storyboard */ = {isa = PBXFileReference; lastKnownFileType = file.storyboard; path = Exercise.storyboard; sourceTree = "<group>"; };
		E04D7C482106B2FA00E79A5A /* Lift Tracker.app */ = {isa = PBXFileReference; explicitFileType = wrapper.application; includeInIndex = 0; path = "Lift Tracker.app"; sourceTree = BUILT_PRODUCTS_DIR; };
		E04D7C4B2106B2FA00E79A5A /* AppDelegate.swift */ = {isa = PBXFileReference; lastKnownFileType = sourcecode.swift; path = AppDelegate.swift; sourceTree = "<group>"; };
		E04D7C542106B2FC00E79A5A /* Assets.xcassets */ = {isa = PBXFileReference; lastKnownFileType = folder.assetcatalog; path = Assets.xcassets; sourceTree = "<group>"; };
		E04D7C572106B2FC00E79A5A /* Base */ = {isa = PBXFileReference; lastKnownFileType = file.storyboard; name = Base; path = Base.lproj/LaunchScreen.storyboard; sourceTree = "<group>"; };
		E04D7C592106B2FC00E79A5A /* Info.plist */ = {isa = PBXFileReference; lastKnownFileType = text.plist.xml; path = Info.plist; sourceTree = "<group>"; };
		E04D7C5E2106B2FC00E79A5A /* Lift TrackerTests.xctest */ = {isa = PBXFileReference; explicitFileType = wrapper.cfbundle; includeInIndex = 0; path = "Lift TrackerTests.xctest"; sourceTree = BUILT_PRODUCTS_DIR; };
		E04D7C622106B2FC00E79A5A /* Lift_TrackerTests.swift */ = {isa = PBXFileReference; lastKnownFileType = sourcecode.swift; path = Lift_TrackerTests.swift; sourceTree = "<group>"; };
		E04D7C642106B2FC00E79A5A /* Info.plist */ = {isa = PBXFileReference; lastKnownFileType = text.plist.xml; path = Info.plist; sourceTree = "<group>"; };
		E04D7C692106B2FC00E79A5A /* Lift TrackerUITests.xctest */ = {isa = PBXFileReference; explicitFileType = wrapper.cfbundle; includeInIndex = 0; path = "Lift TrackerUITests.xctest"; sourceTree = BUILT_PRODUCTS_DIR; };
		E04D7C6D2106B2FC00E79A5A /* Lift_TrackerUITests.swift */ = {isa = PBXFileReference; lastKnownFileType = sourcecode.swift; path = Lift_TrackerUITests.swift; sourceTree = "<group>"; };
		E04D7C6F2106B2FC00E79A5A /* Info.plist */ = {isa = PBXFileReference; lastKnownFileType = text.plist.xml; path = Info.plist; sourceTree = "<group>"; };
		E04D7C7B2106B58700E79A5A /* Login.storyboard */ = {isa = PBXFileReference; lastKnownFileType = file.storyboard; path = Login.storyboard; sourceTree = "<group>"; };
		E04D7C7F2106CF7400E79A5A /* LoginViewController.swift */ = {isa = PBXFileReference; lastKnownFileType = sourcecode.swift; path = LoginViewController.swift; sourceTree = "<group>"; };
		E05AD6A421A6097C008B6957 /* AddSetViewController.swift */ = {isa = PBXFileReference; lastKnownFileType = sourcecode.swift; path = AddSetViewController.swift; sourceTree = "<group>"; };
		E05AD6AA21A711C6008B6957 /* ExerciseSetsRequest.swift */ = {isa = PBXFileReference; lastKnownFileType = sourcecode.swift; path = ExerciseSetsRequest.swift; sourceTree = "<group>"; };
		E061F55C219DFDA500FBAF2D /* PastSetsViewController.swift */ = {isa = PBXFileReference; lastKnownFileType = sourcecode.swift; path = PastSetsViewController.swift; sourceTree = "<group>"; };
		E06D82DF2159A38D002F3ED0 /* HomePageViewController.swift */ = {isa = PBXFileReference; lastKnownFileType = sourcecode.swift; path = HomePageViewController.swift; sourceTree = "<group>"; };
		E06F9FD72149CEB600841A35 /* GoogleService-Info.plist */ = {isa = PBXFileReference; fileEncoding = 4; lastKnownFileType = text.plist.xml; path = "GoogleService-Info.plist"; sourceTree = "<group>"; };
		E0733067214432C000D26E15 /* MuscleGroupsViewController.swift */ = {isa = PBXFileReference; lastKnownFileType = sourcecode.swift; path = MuscleGroupsViewController.swift; sourceTree = "<group>"; };
		E07330692144347400D26E15 /* SingleItemListViewController.swift */ = {isa = PBXFileReference; lastKnownFileType = sourcecode.swift; path = SingleItemListViewController.swift; sourceTree = "<group>"; };
		E0783BE6218945920080C80D /* RoutineExercise.storyboard */ = {isa = PBXFileReference; lastKnownFileType = file.storyboard; path = RoutineExercise.storyboard; sourceTree = "<group>"; };
		E07C9339220F2837009EAE4C /* CustomLoginViewController.swift */ = {isa = PBXFileReference; lastKnownFileType = sourcecode.swift; path = CustomLoginViewController.swift; sourceTree = "<group>"; };
		E09D5CCB21A9FF4C0010CD7F /* SnapshotHelper.swift */ = {isa = PBXFileReference; fileEncoding = 4; lastKnownFileType = sourcecode.swift; path = SnapshotHelper.swift; sourceTree = "<group>"; };
		E09D5CCD21AA23390010CD7F /* Lift Tracker.entitlements */ = {isa = PBXFileReference; lastKnownFileType = text.plist.entitlements; path = "Lift Tracker.entitlements"; sourceTree = "<group>"; };
		E09E78EE2114FBF100031F19 /* Home.storyboard */ = {isa = PBXFileReference; lastKnownFileType = file.storyboard; path = Home.storyboard; sourceTree = "<group>"; };
		E09E78F02114FCB000031F19 /* ExcercisesViewController.swift */ = {isa = PBXFileReference; lastKnownFileType = sourcecode.swift; path = ExcercisesViewController.swift; sourceTree = "<group>"; };
		E09E78F42114FD9B00031F19 /* Exercise.swift */ = {isa = PBXFileReference; lastKnownFileType = sourcecode.swift; path = Exercise.swift; sourceTree = "<group>"; };
		E09E78F62115133500031F19 /* Request.swift */ = {isa = PBXFileReference; lastKnownFileType = sourcecode.swift; path = Request.swift; sourceTree = "<group>"; };
		E09E78F82115138F00031F19 /* BaseItemsProvider.swift */ = {isa = PBXFileReference; lastKnownFileType = sourcecode.swift; path = BaseItemsProvider.swift; sourceTree = "<group>"; };
		FEB931AB38B522F0911294A9 /* Pods-Lift TrackerTests.debug.xcconfig */ = {isa = PBXFileReference; includeInIndex = 1; lastKnownFileType = text.xcconfig; name = "Pods-Lift TrackerTests.debug.xcconfig"; path = "Pods/Target Support Files/Pods-Lift TrackerTests/Pods-Lift TrackerTests.debug.xcconfig"; sourceTree = "<group>"; };
/* End PBXFileReference section */

/* Begin PBXFrameworksBuildPhase section */
		E04D7C452106B2FA00E79A5A /* Frameworks */ = {
			isa = PBXFrameworksBuildPhase;
			buildActionMask = 2147483647;
			files = (
				153646E53BC377D98FF760B4 /* Pods_Lift_Tracker.framework in Frameworks */,
			);
			runOnlyForDeploymentPostprocessing = 0;
		};
		E04D7C5B2106B2FC00E79A5A /* Frameworks */ = {
			isa = PBXFrameworksBuildPhase;
			buildActionMask = 2147483647;
			files = (
				F99B456E893825A95313517B /* Pods_Lift_TrackerTests.framework in Frameworks */,
			);
			runOnlyForDeploymentPostprocessing = 0;
		};
		E04D7C662106B2FC00E79A5A /* Frameworks */ = {
			isa = PBXFrameworksBuildPhase;
			buildActionMask = 2147483647;
			files = (
			);
			runOnlyForDeploymentPostprocessing = 0;
		};
/* End PBXFrameworksBuildPhase section */

/* Begin PBXGroup section */
		904C500F6988AF7AC0220E0B /* Frameworks */ = {
			isa = PBXGroup;
			children = (
				70BCEF4F3DF10F88CBB6B5B5 /* Pods_Lift_Tracker.framework */,
				6F2C44DE56284BBCFD25A87B /* Pods_Lift_TrackerTests.framework */,
			);
			name = Frameworks;
			sourceTree = "<group>";
		};
		C25444763F2806B972E475DD /* Pods */ = {
			isa = PBXGroup;
			children = (
				2FCDFF11ED44A85EA0847E4A /* Pods-Lift Tracker.debug.xcconfig */,
				22DE4BA0CD6FA833BF915875 /* Pods-Lift Tracker.release.xcconfig */,
				FEB931AB38B522F0911294A9 /* Pods-Lift TrackerTests.debug.xcconfig */,
				1C20E8992D6C73437E735236 /* Pods-Lift TrackerTests.release.xcconfig */,
			);
			name = Pods;
			sourceTree = "<group>";
		};
		E02098482184EAD9001FA3C3 /* MuscleGroupsRoutines */ = {
			isa = PBXGroup;
			children = (
				E02098492184EB3D001FA3C3 /* RoutineExercisesViewController.swift */,
				E0783BE6218945920080C80D /* RoutineExercise.storyboard */,
				E02AF07B21CB0AD4000649FB /* RoutineExerciseCoordinator.swift */,
			);
			path = MuscleGroupsRoutines;
			sourceTree = "<group>";
		};
		E032DAE42225F9AC0072815A /* Support */ = {
			isa = PBXGroup;
			children = (
				E06F9FD72149CEB600841A35 /* GoogleService-Info.plist */,
				E04D7C4B2106B2FA00E79A5A /* AppDelegate.swift */,
				E04D7C542106B2FC00E79A5A /* Assets.xcassets */,
				E04D7C562106B2FC00E79A5A /* LaunchScreen.storyboard */,
				E04D7C592106B2FC00E79A5A /* Info.plist */,
			);
			path = Support;
			sourceTree = "<group>";
		};
		E03A626221EBA06A00A7F5C3 /* ViewControllers */ = {
			isa = PBXGroup;
			children = (
				E07330692144347400D26E15 /* SingleItemListViewController.swift */,
				E0733067214432C000D26E15 /* MuscleGroupsViewController.swift */,
				E028E3E22183D58B00E78EA4 /* RoutinesViewController.swift */,
				E09E78F02114FCB000031F19 /* ExcercisesViewController.swift */,
			);
			path = ViewControllers;
			sourceTree = "<group>";
		};
		E03F33912162ECDF005043FF /* Exercise Tabs */ = {
			isa = PBXGroup;
			children = (
				E03F33922162EDD2005043FF /* ExerciseTabViewController.swift */,
				E03F33942162EE6D005043FF /* Exercise.storyboard */,
				E0333596219373B500982F00 /* MaxesGraphViewController.swift */,
				E061F55C219DFDA500FBAF2D /* PastSetsViewController.swift */,
				E05AD6A421A6097C008B6957 /* AddSetViewController.swift */,
			);
			path = "Exercise Tabs";
			sourceTree = "<group>";
		};
		E04D7C3F2106B2FA00E79A5A = {
			isa = PBXGroup;
			children = (
				E04D7C4A2106B2FA00E79A5A /* Lift Tracker */,
				E04D7C612106B2FC00E79A5A /* Lift TrackerTests */,
				E04D7C6C2106B2FC00E79A5A /* Lift TrackerUITests */,
				E04D7C492106B2FA00E79A5A /* Products */,
				C25444763F2806B972E475DD /* Pods */,
				904C500F6988AF7AC0220E0B /* Frameworks */,
			);
			sourceTree = "<group>";
		};
		E04D7C492106B2FA00E79A5A /* Products */ = {
			isa = PBXGroup;
			children = (
				E04D7C482106B2FA00E79A5A /* Lift Tracker.app */,
				E04D7C5E2106B2FC00E79A5A /* Lift TrackerTests.xctest */,
				E04D7C692106B2FC00E79A5A /* Lift TrackerUITests.xctest */,
			);
			name = Products;
			sourceTree = "<group>";
		};
		E04D7C4A2106B2FA00E79A5A /* Lift Tracker */ = {
			isa = PBXGroup;
			children = (
				E032DAE42225F9AC0072815A /* Support */,
				E09D5CCD21AA23390010CD7F /* Lift Tracker.entitlements */,
				E02098482184EAD9001FA3C3 /* MuscleGroupsRoutines */,
				E03F33912162ECDF005043FF /* Exercise Tabs */,
				E09E78F32114FD8800031F19 /* Responses */,
				E09E78F22114FCC500031F19 /* Requests */,
				E09E78ED2114FBD600031F19 /* Home Tabs */,
				E04D7C812106CF7C00E79A5A /* Login */,
			);
			path = "Lift Tracker";
			sourceTree = "<group>";
		};
		E04D7C612106B2FC00E79A5A /* Lift TrackerTests */ = {
			isa = PBXGroup;
			children = (
				E04D7C622106B2FC00E79A5A /* Lift_TrackerTests.swift */,
				E04D7C642106B2FC00E79A5A /* Info.plist */,
			);
			path = "Lift TrackerTests";
			sourceTree = "<group>";
		};
		E04D7C6C2106B2FC00E79A5A /* Lift TrackerUITests */ = {
			isa = PBXGroup;
			children = (
				E09D5CCB21A9FF4C0010CD7F /* SnapshotHelper.swift */,
				E04D7C6D2106B2FC00E79A5A /* Lift_TrackerUITests.swift */,
				E04D7C6F2106B2FC00E79A5A /* Info.plist */,
			);
			path = "Lift TrackerUITests";
			sourceTree = "<group>";
		};
		E04D7C812106CF7C00E79A5A /* Login */ = {
			isa = PBXGroup;
			children = (
				E04D7C7B2106B58700E79A5A /* Login.storyboard */,
				E04D7C7F2106CF7400E79A5A /* LoginViewController.swift */,
				E07C9339220F2837009EAE4C /* CustomLoginViewController.swift */,
			);
			path = Login;
			sourceTree = "<group>";
		};
		E09E78ED2114FBD600031F19 /* Home Tabs */ = {
			isa = PBXGroup;
			children = (
				E03A626221EBA06A00A7F5C3 /* ViewControllers */,
				E09E78EE2114FBF100031F19 /* Home.storyboard */,
				E03853252122106A009CE727 /* SingleItemTableViewCell.swift */,
				E06D82DF2159A38D002F3ED0 /* HomePageViewController.swift */,
				E02506CC21B3248100E38D2C /* SingleItemCoordinator.swift */,
				E02D634B21B742F5004C9C64 /* SingleItemsListViewModel.swift */,
			);
			path = "Home Tabs";
			sourceTree = "<group>";
		};
		E09E78F22114FCC500031F19 /* Requests */ = {
			isa = PBXGroup;
			children = (
				E09E78F62115133500031F19 /* Request.swift */,
				E09E78F82115138F00031F19 /* BaseItemsProvider.swift */,
				E05AD6AA21A711C6008B6957 /* ExerciseSetsRequest.swift */,
				E02AF07D21CB2EA2000649FB /* RoutineExercisesRequest.swift */,
			);
			path = Requests;
			sourceTree = "<group>";
		};
		E09E78F32114FD8800031F19 /* Responses */ = {
			isa = PBXGroup;
			children = (
				E09E78F42114FD9B00031F19 /* Exercise.swift */,
				E038531E2121E4F5009CE727 /* SessionWrapper.swift */,
			);
			path = Responses;
			sourceTree = "<group>";
		};
/* End PBXGroup section */

/* Begin PBXNativeTarget section */
		E04D7C472106B2FA00E79A5A /* Lift Tracker */ = {
			isa = PBXNativeTarget;
			buildConfigurationList = E04D7C722106B2FC00E79A5A /* Build configuration list for PBXNativeTarget "Lift Tracker" */;
			buildPhases = (
				6838EE08CA8FFE949C4717D2 /* [CP] Check Pods Manifest.lock */,
				E04D7C442106B2FA00E79A5A /* Sources */,
				E04D7C452106B2FA00E79A5A /* Frameworks */,
				E04D7C462106B2FA00E79A5A /* Resources */,
				34804D0700E360CD9A86B8FD /* [CP] Embed Pods Frameworks */,
				FB2CC708FDF0D67D54AA8EE3 /* [CP] Copy Pods Resources */,
			);
			buildRules = (
			);
			dependencies = (
			);
			name = "Lift Tracker";
			productName = "Lift Tracker";
			productReference = E04D7C482106B2FA00E79A5A /* Lift Tracker.app */;
			productType = "com.apple.product-type.application";
		};
		E04D7C5D2106B2FC00E79A5A /* Lift TrackerTests */ = {
			isa = PBXNativeTarget;
			buildConfigurationList = E04D7C752106B2FC00E79A5A /* Build configuration list for PBXNativeTarget "Lift TrackerTests" */;
			buildPhases = (
				782921FBC87DAE6C21B2B5ED /* [CP] Check Pods Manifest.lock */,
				E04D7C5A2106B2FC00E79A5A /* Sources */,
				E04D7C5B2106B2FC00E79A5A /* Frameworks */,
				E04D7C5C2106B2FC00E79A5A /* Resources */,
				766631E8E85C3A4994360CA3 /* [CP] Embed Pods Frameworks */,
				CA9A81A16E01D828A4894D17 /* [CP] Copy Pods Resources */,
			);
			buildRules = (
			);
			dependencies = (
				E04D7C602106B2FC00E79A5A /* PBXTargetDependency */,
			);
			name = "Lift TrackerTests";
			productName = "Lift TrackerTests";
			productReference = E04D7C5E2106B2FC00E79A5A /* Lift TrackerTests.xctest */;
			productType = "com.apple.product-type.bundle.unit-test";
		};
		E04D7C682106B2FC00E79A5A /* Lift TrackerUITests */ = {
			isa = PBXNativeTarget;
			buildConfigurationList = E04D7C782106B2FC00E79A5A /* Build configuration list for PBXNativeTarget "Lift TrackerUITests" */;
			buildPhases = (
				E04D7C652106B2FC00E79A5A /* Sources */,
				E04D7C662106B2FC00E79A5A /* Frameworks */,
				E04D7C672106B2FC00E79A5A /* Resources */,
			);
			buildRules = (
			);
			dependencies = (
				E04D7C6B2106B2FC00E79A5A /* PBXTargetDependency */,
			);
			name = "Lift TrackerUITests";
			productName = "Lift TrackerUITests";
			productReference = E04D7C692106B2FC00E79A5A /* Lift TrackerUITests.xctest */;
			productType = "com.apple.product-type.bundle.ui-testing";
		};
/* End PBXNativeTarget section */

/* Begin PBXProject section */
		E04D7C402106B2FA00E79A5A /* Project object */ = {
			isa = PBXProject;
			attributes = {
				LastSwiftUpdateCheck = 0940;
				LastUpgradeCheck = 0940;
				ORGANIZATIONNAME = "Carl Burnham";
				TargetAttributes = {
					E04D7C472106B2FA00E79A5A = {
						CreatedOnToolsVersion = 9.4.1;
						SystemCapabilities = {
							com.apple.Push = {
								enabled = 0;
							};
						};
					};
					E04D7C5D2106B2FC00E79A5A = {
						CreatedOnToolsVersion = 9.4.1;
						TestTargetID = E04D7C472106B2FA00E79A5A;
					};
					E04D7C682106B2FC00E79A5A = {
						CreatedOnToolsVersion = 9.4.1;
						TestTargetID = E04D7C472106B2FA00E79A5A;
					};
				};
			};
			buildConfigurationList = E04D7C432106B2FA00E79A5A /* Build configuration list for PBXProject "Lift Tracker" */;
			compatibilityVersion = "Xcode 9.3";
			developmentRegion = en;
			hasScannedForEncodings = 0;
			knownRegions = (
				en,
				Base,
			);
			mainGroup = E04D7C3F2106B2FA00E79A5A;
			productRefGroup = E04D7C492106B2FA00E79A5A /* Products */;
			projectDirPath = "";
			projectRoot = "";
			targets = (
				E04D7C472106B2FA00E79A5A /* Lift Tracker */,
				E04D7C5D2106B2FC00E79A5A /* Lift TrackerTests */,
				E04D7C682106B2FC00E79A5A /* Lift TrackerUITests */,
			);
		};
/* End PBXProject section */

/* Begin PBXResourcesBuildPhase section */
		E04D7C462106B2FA00E79A5A /* Resources */ = {
			isa = PBXResourcesBuildPhase;
			buildActionMask = 2147483647;
			files = (
				E03F33952162EE6D005043FF /* Exercise.storyboard in Resources */,
				E04D7C7C2106B58700E79A5A /* Login.storyboard in Resources */,
				E04D7C582106B2FC00E79A5A /* LaunchScreen.storyboard in Resources */,
				E06F9FD82149CEB600841A35 /* GoogleService-Info.plist in Resources */,
				E09E78EF2114FBF100031F19 /* Home.storyboard in Resources */,
				E04D7C552106B2FC00E79A5A /* Assets.xcassets in Resources */,
				E0783BE7218945920080C80D /* RoutineExercise.storyboard in Resources */,
			);
			runOnlyForDeploymentPostprocessing = 0;
		};
		E04D7C5C2106B2FC00E79A5A /* Resources */ = {
			isa = PBXResourcesBuildPhase;
			buildActionMask = 2147483647;
			files = (
			);
			runOnlyForDeploymentPostprocessing = 0;
		};
		E04D7C672106B2FC00E79A5A /* Resources */ = {
			isa = PBXResourcesBuildPhase;
			buildActionMask = 2147483647;
			files = (
			);
			runOnlyForDeploymentPostprocessing = 0;
		};
/* End PBXResourcesBuildPhase section */

/* Begin PBXShellScriptBuildPhase section */
		34804D0700E360CD9A86B8FD /* [CP] Embed Pods Frameworks */ = {
			isa = PBXShellScriptBuildPhase;
			buildActionMask = 2147483647;
			files = (
			);
			inputPaths = (
				"${SRCROOT}/Pods/Target Support Files/Pods-Lift Tracker/Pods-Lift Tracker-frameworks.sh",
				"${BUILT_PRODUCTS_DIR}/AutoInsetter/AutoInsetter.framework",
				"${BUILT_PRODUCTS_DIR}/GTMOAuth2/GTMOAuth2.framework",
				"${BUILT_PRODUCTS_DIR}/GTMSessionFetcher/GTMSessionFetcher.framework",
				"${BUILT_PRODUCTS_DIR}/GoogleToolboxForMac/GoogleToolboxForMac.framework",
				"${BUILT_PRODUCTS_DIR}/GoogleUtilities/GoogleUtilities.framework",
				"${BUILT_PRODUCTS_DIR}/LhHelpers/LhHelpers.framework",
				"${BUILT_PRODUCTS_DIR}/Pageboy/Pageboy.framework",
				"${BUILT_PRODUCTS_DIR}/ScrollableGraphView/ScrollableGraphView.framework",
				"${BUILT_PRODUCTS_DIR}/SwiftyJSON/SwiftyJSON.framework",
				"${BUILT_PRODUCTS_DIR}/Tabman/Tabman.framework",
				"${BUILT_PRODUCTS_DIR}/leveldb-library/leveldb.framework",
				"${BUILT_PRODUCTS_DIR}/nanopb/nanopb.framework",
			);
			name = "[CP] Embed Pods Frameworks";
			outputPaths = (
				"${TARGET_BUILD_DIR}/${FRAMEWORKS_FOLDER_PATH}/AutoInsetter.framework",
				"${TARGET_BUILD_DIR}/${FRAMEWORKS_FOLDER_PATH}/GTMOAuth2.framework",
				"${TARGET_BUILD_DIR}/${FRAMEWORKS_FOLDER_PATH}/GTMSessionFetcher.framework",
				"${TARGET_BUILD_DIR}/${FRAMEWORKS_FOLDER_PATH}/GoogleToolboxForMac.framework",
				"${TARGET_BUILD_DIR}/${FRAMEWORKS_FOLDER_PATH}/GoogleUtilities.framework",
				"${TARGET_BUILD_DIR}/${FRAMEWORKS_FOLDER_PATH}/LhHelpers.framework",
				"${TARGET_BUILD_DIR}/${FRAMEWORKS_FOLDER_PATH}/Pageboy.framework",
				"${TARGET_BUILD_DIR}/${FRAMEWORKS_FOLDER_PATH}/ScrollableGraphView.framework",
				"${TARGET_BUILD_DIR}/${FRAMEWORKS_FOLDER_PATH}/SwiftyJSON.framework",
				"${TARGET_BUILD_DIR}/${FRAMEWORKS_FOLDER_PATH}/Tabman.framework",
				"${TARGET_BUILD_DIR}/${FRAMEWORKS_FOLDER_PATH}/leveldb.framework",
				"${TARGET_BUILD_DIR}/${FRAMEWORKS_FOLDER_PATH}/nanopb.framework",
			);
			runOnlyForDeploymentPostprocessing = 0;
			shellPath = /bin/sh;
			shellScript = "\"${SRCROOT}/Pods/Target Support Files/Pods-Lift Tracker/Pods-Lift Tracker-frameworks.sh\"\n";
			showEnvVarsInLog = 0;
		};
		6838EE08CA8FFE949C4717D2 /* [CP] Check Pods Manifest.lock */ = {
			isa = PBXShellScriptBuildPhase;
			buildActionMask = 2147483647;
			files = (
			);
			inputPaths = (
				"${PODS_PODFILE_DIR_PATH}/Podfile.lock",
				"${PODS_ROOT}/Manifest.lock",
			);
			name = "[CP] Check Pods Manifest.lock";
			outputPaths = (
				"$(DERIVED_FILE_DIR)/Pods-Lift Tracker-checkManifestLockResult.txt",
			);
			runOnlyForDeploymentPostprocessing = 0;
			shellPath = /bin/sh;
			shellScript = "diff \"${PODS_PODFILE_DIR_PATH}/Podfile.lock\" \"${PODS_ROOT}/Manifest.lock\" > /dev/null\nif [ $? != 0 ] ; then\n    # print error to STDERR\n    echo \"error: The sandbox is not in sync with the Podfile.lock. Run 'pod install' or update your CocoaPods installation.\" >&2\n    exit 1\nfi\n# This output is used by Xcode 'outputs' to avoid re-running this script phase.\necho \"SUCCESS\" > \"${SCRIPT_OUTPUT_FILE_0}\"\n";
			showEnvVarsInLog = 0;
		};
		766631E8E85C3A4994360CA3 /* [CP] Embed Pods Frameworks */ = {
			isa = PBXShellScriptBuildPhase;
			buildActionMask = 2147483647;
			files = (
			);
			inputPaths = (
				"${SRCROOT}/Pods/Target Support Files/Pods-Lift TrackerTests/Pods-Lift TrackerTests-frameworks.sh",
				"${BUILT_PRODUCTS_DIR}/AutoInsetter/AutoInsetter.framework",
				"${BUILT_PRODUCTS_DIR}/GTMOAuth2/GTMOAuth2.framework",
				"${BUILT_PRODUCTS_DIR}/GTMSessionFetcher/GTMSessionFetcher.framework",
				"${BUILT_PRODUCTS_DIR}/GoogleToolboxForMac/GoogleToolboxForMac.framework",
				"${BUILT_PRODUCTS_DIR}/GoogleUtilities/GoogleUtilities.framework",
				"${BUILT_PRODUCTS_DIR}/LhHelpers/LhHelpers.framework",
				"${BUILT_PRODUCTS_DIR}/Pageboy/Pageboy.framework",
				"${BUILT_PRODUCTS_DIR}/ScrollableGraphView/ScrollableGraphView.framework",
				"${BUILT_PRODUCTS_DIR}/SwiftyJSON/SwiftyJSON.framework",
				"${BUILT_PRODUCTS_DIR}/Tabman/Tabman.framework",
				"${BUILT_PRODUCTS_DIR}/leveldb-library/leveldb.framework",
				"${BUILT_PRODUCTS_DIR}/nanopb/nanopb.framework",
			);
			name = "[CP] Embed Pods Frameworks";
			outputPaths = (
				"${TARGET_BUILD_DIR}/${FRAMEWORKS_FOLDER_PATH}/AutoInsetter.framework",
				"${TARGET_BUILD_DIR}/${FRAMEWORKS_FOLDER_PATH}/GTMOAuth2.framework",
				"${TARGET_BUILD_DIR}/${FRAMEWORKS_FOLDER_PATH}/GTMSessionFetcher.framework",
				"${TARGET_BUILD_DIR}/${FRAMEWORKS_FOLDER_PATH}/GoogleToolboxForMac.framework",
				"${TARGET_BUILD_DIR}/${FRAMEWORKS_FOLDER_PATH}/GoogleUtilities.framework",
				"${TARGET_BUILD_DIR}/${FRAMEWORKS_FOLDER_PATH}/LhHelpers.framework",
				"${TARGET_BUILD_DIR}/${FRAMEWORKS_FOLDER_PATH}/Pageboy.framework",
				"${TARGET_BUILD_DIR}/${FRAMEWORKS_FOLDER_PATH}/ScrollableGraphView.framework",
				"${TARGET_BUILD_DIR}/${FRAMEWORKS_FOLDER_PATH}/SwiftyJSON.framework",
				"${TARGET_BUILD_DIR}/${FRAMEWORKS_FOLDER_PATH}/Tabman.framework",
				"${TARGET_BUILD_DIR}/${FRAMEWORKS_FOLDER_PATH}/leveldb.framework",
				"${TARGET_BUILD_DIR}/${FRAMEWORKS_FOLDER_PATH}/nanopb.framework",
			);
			runOnlyForDeploymentPostprocessing = 0;
			shellPath = /bin/sh;
			shellScript = "\"${SRCROOT}/Pods/Target Support Files/Pods-Lift TrackerTests/Pods-Lift TrackerTests-frameworks.sh\"\n";
			showEnvVarsInLog = 0;
		};
		782921FBC87DAE6C21B2B5ED /* [CP] Check Pods Manifest.lock */ = {
			isa = PBXShellScriptBuildPhase;
			buildActionMask = 2147483647;
			files = (
			);
			inputPaths = (
				"${PODS_PODFILE_DIR_PATH}/Podfile.lock",
				"${PODS_ROOT}/Manifest.lock",
			);
			name = "[CP] Check Pods Manifest.lock";
			outputPaths = (
				"$(DERIVED_FILE_DIR)/Pods-Lift TrackerTests-checkManifestLockResult.txt",
			);
			runOnlyForDeploymentPostprocessing = 0;
			shellPath = /bin/sh;
			shellScript = "diff \"${PODS_PODFILE_DIR_PATH}/Podfile.lock\" \"${PODS_ROOT}/Manifest.lock\" > /dev/null\nif [ $? != 0 ] ; then\n    # print error to STDERR\n    echo \"error: The sandbox is not in sync with the Podfile.lock. Run 'pod install' or update your CocoaPods installation.\" >&2\n    exit 1\nfi\n# This output is used by Xcode 'outputs' to avoid re-running this script phase.\necho \"SUCCESS\" > \"${SCRIPT_OUTPUT_FILE_0}\"\n";
			showEnvVarsInLog = 0;
		};
		CA9A81A16E01D828A4894D17 /* [CP] Copy Pods Resources */ = {
			isa = PBXShellScriptBuildPhase;
			buildActionMask = 2147483647;
			files = (
			);
			inputPaths = (
				"${SRCROOT}/Pods/Target Support Files/Pods-Lift TrackerTests/Pods-Lift TrackerTests-resources.sh",
				"${PODS_CONFIGURATION_BUILD_DIR}/FirebaseUI/FirebaseAuthUI.bundle",
				"${PODS_CONFIGURATION_BUILD_DIR}/FirebaseUI/FirebaseGoogleAuthUI.bundle",
				"${PODS_ROOT}/GoogleSignIn/Resources/GoogleSignIn.bundle",
			);
			name = "[CP] Copy Pods Resources";
			outputPaths = (
				"${TARGET_BUILD_DIR}/${UNLOCALIZED_RESOURCES_FOLDER_PATH}/FirebaseAuthUI.bundle",
				"${TARGET_BUILD_DIR}/${UNLOCALIZED_RESOURCES_FOLDER_PATH}/FirebaseGoogleAuthUI.bundle",
				"${TARGET_BUILD_DIR}/${UNLOCALIZED_RESOURCES_FOLDER_PATH}/GoogleSignIn.bundle",
			);
			runOnlyForDeploymentPostprocessing = 0;
			shellPath = /bin/sh;
			shellScript = "\"${SRCROOT}/Pods/Target Support Files/Pods-Lift TrackerTests/Pods-Lift TrackerTests-resources.sh\"\n";
			showEnvVarsInLog = 0;
		};
		FB2CC708FDF0D67D54AA8EE3 /* [CP] Copy Pods Resources */ = {
			isa = PBXShellScriptBuildPhase;
			buildActionMask = 2147483647;
			files = (
			);
			inputPaths = (
				"${SRCROOT}/Pods/Target Support Files/Pods-Lift Tracker/Pods-Lift Tracker-resources.sh",
				"${PODS_CONFIGURATION_BUILD_DIR}/FirebaseUI/FirebaseAuthUI.bundle",
				"${PODS_CONFIGURATION_BUILD_DIR}/FirebaseUI/FirebaseGoogleAuthUI.bundle",
				"${PODS_ROOT}/GoogleSignIn/Resources/GoogleSignIn.bundle",
			);
			name = "[CP] Copy Pods Resources";
			outputPaths = (
				"${TARGET_BUILD_DIR}/${UNLOCALIZED_RESOURCES_FOLDER_PATH}/FirebaseAuthUI.bundle",
				"${TARGET_BUILD_DIR}/${UNLOCALIZED_RESOURCES_FOLDER_PATH}/FirebaseGoogleAuthUI.bundle",
				"${TARGET_BUILD_DIR}/${UNLOCALIZED_RESOURCES_FOLDER_PATH}/GoogleSignIn.bundle",
			);
			runOnlyForDeploymentPostprocessing = 0;
			shellPath = /bin/sh;
			shellScript = "\"${SRCROOT}/Pods/Target Support Files/Pods-Lift Tracker/Pods-Lift Tracker-resources.sh\"\n";
			showEnvVarsInLog = 0;
		};
/* End PBXShellScriptBuildPhase section */

/* Begin PBXSourcesBuildPhase section */
		E04D7C442106B2FA00E79A5A /* Sources */ = {
			isa = PBXSourcesBuildPhase;
			buildActionMask = 2147483647;
			files = (
				E04D7C802106CF7400E79A5A /* LoginViewController.swift in Sources */,
				E073306A2144347400D26E15 /* SingleItemListViewController.swift in Sources */,
				E09E78F92115138F00031F19 /* BaseItemsProvider.swift in Sources */,
				E09E78F72115133500031F19 /* Request.swift in Sources */,
				E07C933A220F2837009EAE4C /* CustomLoginViewController.swift in Sources */,
				E0333597219373B500982F00 /* MaxesGraphViewController.swift in Sources */,
				E09E78F12114FCB000031F19 /* ExcercisesViewController.swift in Sources */,
				E0733068214432C000D26E15 /* MuscleGroupsViewController.swift in Sources */,
				E038531F2121E4F5009CE727 /* SessionWrapper.swift in Sources */,
				E06D82E02159A38D002F3ED0 /* HomePageViewController.swift in Sources */,
				E03853262122106A009CE727 /* SingleItemTableViewCell.swift in Sources */,
				E02506CD21B3248100E38D2C /* SingleItemCoordinator.swift in Sources */,
				E05AD6AB21A711C6008B6957 /* ExerciseSetsRequest.swift in Sources */,
				E05AD6A521A6097C008B6957 /* AddSetViewController.swift in Sources */,
				E061F55D219DFDA500FBAF2D /* PastSetsViewController.swift in Sources */,
				E04D7C4C2106B2FA00E79A5A /* AppDelegate.swift in Sources */,
				E03F33932162EDD2005043FF /* ExerciseTabViewController.swift in Sources */,
				E09E78F52114FD9B00031F19 /* Exercise.swift in Sources */,
				E02AF07C21CB0AD4000649FB /* RoutineExerciseCoordinator.swift in Sources */,
				E02AF07E21CB2EA2000649FB /* RoutineExercisesRequest.swift in Sources */,
				E02D634C21B742F5004C9C64 /* SingleItemsListViewModel.swift in Sources */,
				E028E3E32183D58B00E78EA4 /* RoutinesViewController.swift in Sources */,
				E020984A2184EB3D001FA3C3 /* RoutineExercisesViewController.swift in Sources */,
			);
			runOnlyForDeploymentPostprocessing = 0;
		};
		E04D7C5A2106B2FC00E79A5A /* Sources */ = {
			isa = PBXSourcesBuildPhase;
			buildActionMask = 2147483647;
			files = (
				E04D7C632106B2FC00E79A5A /* Lift_TrackerTests.swift in Sources */,
			);
			runOnlyForDeploymentPostprocessing = 0;
		};
		E04D7C652106B2FC00E79A5A /* Sources */ = {
			isa = PBXSourcesBuildPhase;
			buildActionMask = 2147483647;
			files = (
				E04D7C6E2106B2FC00E79A5A /* Lift_TrackerUITests.swift in Sources */,
				E09D5CCC21A9FF4C0010CD7F /* SnapshotHelper.swift in Sources */,
			);
			runOnlyForDeploymentPostprocessing = 0;
		};
/* End PBXSourcesBuildPhase section */

/* Begin PBXTargetDependency section */
		E04D7C602106B2FC00E79A5A /* PBXTargetDependency */ = {
			isa = PBXTargetDependency;
			target = E04D7C472106B2FA00E79A5A /* Lift Tracker */;
			targetProxy = E04D7C5F2106B2FC00E79A5A /* PBXContainerItemProxy */;
		};
		E04D7C6B2106B2FC00E79A5A /* PBXTargetDependency */ = {
			isa = PBXTargetDependency;
			target = E04D7C472106B2FA00E79A5A /* Lift Tracker */;
			targetProxy = E04D7C6A2106B2FC00E79A5A /* PBXContainerItemProxy */;
		};
/* End PBXTargetDependency section */

/* Begin PBXVariantGroup section */
		E04D7C562106B2FC00E79A5A /* LaunchScreen.storyboard */ = {
			isa = PBXVariantGroup;
			children = (
				E04D7C572106B2FC00E79A5A /* Base */,
			);
			name = LaunchScreen.storyboard;
			sourceTree = "<group>";
		};
/* End PBXVariantGroup section */

/* Begin XCBuildConfiguration section */
		E04D7C702106B2FC00E79A5A /* Debug */ = {
			isa = XCBuildConfiguration;
			buildSettings = {
				ALWAYS_SEARCH_USER_PATHS = NO;
				CLANG_ANALYZER_NONNULL = YES;
				CLANG_ANALYZER_NUMBER_OBJECT_CONVERSION = YES_AGGRESSIVE;
				CLANG_CXX_LANGUAGE_STANDARD = "gnu++14";
				CLANG_CXX_LIBRARY = "libc++";
				CLANG_ENABLE_MODULES = YES;
				CLANG_ENABLE_OBJC_ARC = YES;
				CLANG_ENABLE_OBJC_WEAK = YES;
				CLANG_WARN_BLOCK_CAPTURE_AUTORELEASING = YES;
				CLANG_WARN_BOOL_CONVERSION = YES;
				CLANG_WARN_COMMA = YES;
				CLANG_WARN_CONSTANT_CONVERSION = YES;
				CLANG_WARN_DEPRECATED_OBJC_IMPLEMENTATIONS = YES;
				CLANG_WARN_DIRECT_OBJC_ISA_USAGE = YES_ERROR;
				CLANG_WARN_DOCUMENTATION_COMMENTS = YES;
				CLANG_WARN_EMPTY_BODY = YES;
				CLANG_WARN_ENUM_CONVERSION = YES;
				CLANG_WARN_INFINITE_RECURSION = YES;
				CLANG_WARN_INT_CONVERSION = YES;
				CLANG_WARN_NON_LITERAL_NULL_CONVERSION = YES;
				CLANG_WARN_OBJC_IMPLICIT_RETAIN_SELF = YES;
				CLANG_WARN_OBJC_LITERAL_CONVERSION = YES;
				CLANG_WARN_OBJC_ROOT_CLASS = YES_ERROR;
				CLANG_WARN_RANGE_LOOP_ANALYSIS = YES;
				CLANG_WARN_STRICT_PROTOTYPES = YES;
				CLANG_WARN_SUSPICIOUS_MOVE = YES;
				CLANG_WARN_UNGUARDED_AVAILABILITY = YES_AGGRESSIVE;
				CLANG_WARN_UNREACHABLE_CODE = YES;
				CLANG_WARN__DUPLICATE_METHOD_MATCH = YES;
				CODE_SIGN_IDENTITY = "iPhone Developer";
				COPY_PHASE_STRIP = NO;
				DEBUG_INFORMATION_FORMAT = dwarf;
				ENABLE_STRICT_OBJC_MSGSEND = YES;
				ENABLE_TESTABILITY = YES;
				GCC_C_LANGUAGE_STANDARD = gnu11;
				GCC_DYNAMIC_NO_PIC = NO;
				GCC_NO_COMMON_BLOCKS = YES;
				GCC_OPTIMIZATION_LEVEL = 0;
				GCC_PREPROCESSOR_DEFINITIONS = (
					"DEBUG=1",
					"$(inherited)",
				);
				GCC_WARN_64_TO_32_BIT_CONVERSION = YES;
				GCC_WARN_ABOUT_RETURN_TYPE = YES_ERROR;
				GCC_WARN_UNDECLARED_SELECTOR = YES;
				GCC_WARN_UNINITIALIZED_AUTOS = YES_AGGRESSIVE;
				GCC_WARN_UNUSED_FUNCTION = YES;
				GCC_WARN_UNUSED_VARIABLE = YES;
				IPHONEOS_DEPLOYMENT_TARGET = 11.0;
				MTL_ENABLE_DEBUG_INFO = YES;
				ONLY_ACTIVE_ARCH = YES;
				SDKROOT = iphoneos;
				SWIFT_ACTIVE_COMPILATION_CONDITIONS = DEBUG;
				SWIFT_OPTIMIZATION_LEVEL = "-Onone";
				SWIFT_VERSION = 4.0;
			};
			name = Debug;
		};
		E04D7C712106B2FC00E79A5A /* Release */ = {
			isa = XCBuildConfiguration;
			buildSettings = {
				ALWAYS_SEARCH_USER_PATHS = NO;
				CLANG_ANALYZER_NONNULL = YES;
				CLANG_ANALYZER_NUMBER_OBJECT_CONVERSION = YES_AGGRESSIVE;
				CLANG_CXX_LANGUAGE_STANDARD = "gnu++14";
				CLANG_CXX_LIBRARY = "libc++";
				CLANG_ENABLE_MODULES = YES;
				CLANG_ENABLE_OBJC_ARC = YES;
				CLANG_ENABLE_OBJC_WEAK = YES;
				CLANG_WARN_BLOCK_CAPTURE_AUTORELEASING = YES;
				CLANG_WARN_BOOL_CONVERSION = YES;
				CLANG_WARN_COMMA = YES;
				CLANG_WARN_CONSTANT_CONVERSION = YES;
				CLANG_WARN_DEPRECATED_OBJC_IMPLEMENTATIONS = YES;
				CLANG_WARN_DIRECT_OBJC_ISA_USAGE = YES_ERROR;
				CLANG_WARN_DOCUMENTATION_COMMENTS = YES;
				CLANG_WARN_EMPTY_BODY = YES;
				CLANG_WARN_ENUM_CONVERSION = YES;
				CLANG_WARN_INFINITE_RECURSION = YES;
				CLANG_WARN_INT_CONVERSION = YES;
				CLANG_WARN_NON_LITERAL_NULL_CONVERSION = YES;
				CLANG_WARN_OBJC_IMPLICIT_RETAIN_SELF = YES;
				CLANG_WARN_OBJC_LITERAL_CONVERSION = YES;
				CLANG_WARN_OBJC_ROOT_CLASS = YES_ERROR;
				CLANG_WARN_RANGE_LOOP_ANALYSIS = YES;
				CLANG_WARN_STRICT_PROTOTYPES = YES;
				CLANG_WARN_SUSPICIOUS_MOVE = YES;
				CLANG_WARN_UNGUARDED_AVAILABILITY = YES_AGGRESSIVE;
				CLANG_WARN_UNREACHABLE_CODE = YES;
				CLANG_WARN__DUPLICATE_METHOD_MATCH = YES;
				CODE_SIGN_IDENTITY = "iPhone Developer";
				COPY_PHASE_STRIP = NO;
				DEBUG_INFORMATION_FORMAT = "dwarf-with-dsym";
				ENABLE_NS_ASSERTIONS = NO;
				ENABLE_STRICT_OBJC_MSGSEND = YES;
				GCC_C_LANGUAGE_STANDARD = gnu11;
				GCC_NO_COMMON_BLOCKS = YES;
				GCC_WARN_64_TO_32_BIT_CONVERSION = YES;
				GCC_WARN_ABOUT_RETURN_TYPE = YES_ERROR;
				GCC_WARN_UNDECLARED_SELECTOR = YES;
				GCC_WARN_UNINITIALIZED_AUTOS = YES_AGGRESSIVE;
				GCC_WARN_UNUSED_FUNCTION = YES;
				GCC_WARN_UNUSED_VARIABLE = YES;
				IPHONEOS_DEPLOYMENT_TARGET = 11.0;
				MTL_ENABLE_DEBUG_INFO = NO;
				SDKROOT = iphoneos;
				SWIFT_COMPILATION_MODE = wholemodule;
				SWIFT_OPTIMIZATION_LEVEL = "-O";
				SWIFT_VERSION = 4.0;
				VALIDATE_PRODUCT = YES;
			};
			name = Release;
		};
		E04D7C732106B2FC00E79A5A /* Debug */ = {
			isa = XCBuildConfiguration;
			baseConfigurationReference = 2FCDFF11ED44A85EA0847E4A /* Pods-Lift Tracker.debug.xcconfig */;
			buildSettings = {
				ASSETCATALOG_COMPILER_APPICON_NAME = AppIcon;
				CODE_SIGN_STYLE = Automatic;
				DEVELOPMENT_TEAM = 56NQ7Z9L75;
				INFOPLIST_FILE = "Lift Tracker/Info.plist";
				LD_RUNPATH_SEARCH_PATHS = (
					"$(inherited)",
					"@executable_path/Frameworks",
				);
				PRODUCT_BUNDLE_IDENTIFIER = "letshang.Lift-Tracker";
				PRODUCT_NAME = "$(TARGET_NAME)";
				SWIFT_VERSION = 4.2;
				TARGETED_DEVICE_FAMILY = "1,2";
			};
			name = Debug;
		};
		E04D7C742106B2FC00E79A5A /* Release */ = {
			isa = XCBuildConfiguration;
			baseConfigurationReference = 22DE4BA0CD6FA833BF915875 /* Pods-Lift Tracker.release.xcconfig */;
			buildSettings = {
				ASSETCATALOG_COMPILER_APPICON_NAME = AppIcon;
				CODE_SIGN_STYLE = Automatic;
				DEVELOPMENT_TEAM = 56NQ7Z9L75;
				INFOPLIST_FILE = "Lift Tracker/Info.plist";
				LD_RUNPATH_SEARCH_PATHS = (
					"$(inherited)",
					"@executable_path/Frameworks",
				);
				PRODUCT_BUNDLE_IDENTIFIER = "letshang.Lift-Tracker";
				PRODUCT_NAME = "$(TARGET_NAME)";
				SWIFT_VERSION = 4.2;
				TARGETED_DEVICE_FAMILY = "1,2";
			};
			name = Release;
		};
		E04D7C762106B2FC00E79A5A /* Debug */ = {
			isa = XCBuildConfiguration;
			baseConfigurationReference = FEB931AB38B522F0911294A9 /* Pods-Lift TrackerTests.debug.xcconfig */;
			buildSettings = {
				ALWAYS_EMBED_SWIFT_STANDARD_LIBRARIES = YES;
				BUNDLE_LOADER = "$(TEST_HOST)";
				CODE_SIGN_STYLE = Automatic;
				DEVELOPMENT_TEAM = 56NQ7Z9L75;
				INFOPLIST_FILE = "Lift TrackerTests/Info.plist";
				LD_RUNPATH_SEARCH_PATHS = (
					"$(inherited)",
					"@executable_path/Frameworks",
					"@loader_path/Frameworks",
				);
				PRODUCT_BUNDLE_IDENTIFIER = "letshang.Lift-TrackerTests";
				PRODUCT_NAME = "$(TARGET_NAME)";
				SWIFT_VERSION = 4.2;
				TARGETED_DEVICE_FAMILY = "1,2";
				TEST_HOST = "$(BUILT_PRODUCTS_DIR)/Lift Tracker.app/Lift Tracker";
			};
			name = Debug;
		};
		E04D7C772106B2FC00E79A5A /* Release */ = {
			isa = XCBuildConfiguration;
			baseConfigurationReference = 1C20E8992D6C73437E735236 /* Pods-Lift TrackerTests.release.xcconfig */;
			buildSettings = {
				ALWAYS_EMBED_SWIFT_STANDARD_LIBRARIES = YES;
				BUNDLE_LOADER = "$(TEST_HOST)";
				CODE_SIGN_STYLE = Automatic;
				DEVELOPMENT_TEAM = 56NQ7Z9L75;
				INFOPLIST_FILE = "Lift TrackerTests/Info.plist";
				LD_RUNPATH_SEARCH_PATHS = (
					"$(inherited)",
					"@executable_path/Frameworks",
					"@loader_path/Frameworks",
				);
				PRODUCT_BUNDLE_IDENTIFIER = "letshang.Lift-TrackerTests";
				PRODUCT_NAME = "$(TARGET_NAME)";
				SWIFT_VERSION = 4.2;
				TARGETED_DEVICE_FAMILY = "1,2";
				TEST_HOST = "$(BUILT_PRODUCTS_DIR)/Lift Tracker.app/Lift Tracker";
			};
			name = Release;
		};
		E04D7C792106B2FC00E79A5A /* Debug */ = {
			isa = XCBuildConfiguration;
			buildSettings = {
				ALWAYS_EMBED_SWIFT_STANDARD_LIBRARIES = YES;
				CODE_SIGN_STYLE = Automatic;
				DEVELOPMENT_TEAM = 56NQ7Z9L75;
				INFOPLIST_FILE = "Lift TrackerUITests/Info.plist";
				LD_RUNPATH_SEARCH_PATHS = (
					"$(inherited)",
					"@executable_path/Frameworks",
					"@loader_path/Frameworks",
				);
				PRODUCT_BUNDLE_IDENTIFIER = "letshang.Lift-TrackerUITests";
				PRODUCT_NAME = "$(TARGET_NAME)";
				SWIFT_VERSION = 4.2;
				TARGETED_DEVICE_FAMILY = "1,2";
				TEST_TARGET_NAME = "Lift Tracker";
			};
			name = Debug;
		};
		E04D7C7A2106B2FC00E79A5A /* Release */ = {
			isa = XCBuildConfiguration;
			buildSettings = {
				ALWAYS_EMBED_SWIFT_STANDARD_LIBRARIES = YES;
				CODE_SIGN_STYLE = Automatic;
				DEVELOPMENT_TEAM = 56NQ7Z9L75;
				INFOPLIST_FILE = "Lift TrackerUITests/Info.plist";
				LD_RUNPATH_SEARCH_PATHS = (
					"$(inherited)",
					"@executable_path/Frameworks",
					"@loader_path/Frameworks",
				);
				PRODUCT_BUNDLE_IDENTIFIER = "letshang.Lift-TrackerUITests";
				PRODUCT_NAME = "$(TARGET_NAME)";
				SWIFT_VERSION = 4.2;
				TARGETED_DEVICE_FAMILY = "1,2";
				TEST_TARGET_NAME = "Lift Tracker";
			};
			name = Release;
		};
/* End XCBuildConfiguration section */

/* Begin XCConfigurationList section */
		E04D7C432106B2FA00E79A5A /* Build configuration list for PBXProject "Lift Tracker" */ = {
			isa = XCConfigurationList;
			buildConfigurations = (
				E04D7C702106B2FC00E79A5A /* Debug */,
				E04D7C712106B2FC00E79A5A /* Release */,
			);
			defaultConfigurationIsVisible = 0;
			defaultConfigurationName = Release;
		};
		E04D7C722106B2FC00E79A5A /* Build configuration list for PBXNativeTarget "Lift Tracker" */ = {
			isa = XCConfigurationList;
			buildConfigurations = (
				E04D7C732106B2FC00E79A5A /* Debug */,
				E04D7C742106B2FC00E79A5A /* Release */,
			);
			defaultConfigurationIsVisible = 0;
			defaultConfigurationName = Release;
		};
		E04D7C752106B2FC00E79A5A /* Build configuration list for PBXNativeTarget "Lift TrackerTests" */ = {
			isa = XCConfigurationList;
			buildConfigurations = (
				E04D7C762106B2FC00E79A5A /* Debug */,
				E04D7C772106B2FC00E79A5A /* Release */,
			);
			defaultConfigurationIsVisible = 0;
			defaultConfigurationName = Release;
		};
		E04D7C782106B2FC00E79A5A /* Build configuration list for PBXNativeTarget "Lift TrackerUITests" */ = {
			isa = XCConfigurationList;
			buildConfigurations = (
				E04D7C792106B2FC00E79A5A /* Debug */,
				E04D7C7A2106B2FC00E79A5A /* Release */,
			);
			defaultConfigurationIsVisible = 0;
			defaultConfigurationName = Release;
		};
/* End XCConfigurationList section */
	};
	rootObject = E04D7C402106B2FA00E79A5A /* Project object */;
}
